
Microsoft Visual Studio Solution File, Format Version 12.00
# Visual Studio 2013
VisualStudioVersion = 12.0.21005.1
MinimumVisualStudioVersion = 10.0.40219.1
Project("{FAE04EC0-301F-11D3-BF4B-00C04F79EFBC}") = "wkHtmlToXCore", "wkHtmlToXCore\wkHtmlToXCore.csproj", "{AE5AF3C5-6D5E-49B6-A23D-B858B8F044F9}"
EndProject
Project("{FAE04EC0-301F-11D3-BF4B-00C04F79EFBC}") = "libWkHtml2XNetStandard", "libWkHtml2XNetStandard\libWkHtml2XNetStandard.csproj", "{6E8EC87B-EDDD-4C1B-ABEC-CB84E9CA0E23}"
EndProject
Project("{D954291E-2A0B-460D-934E-DC6B0785DB48}") = "libWkHtmlToX", "libWkHtmlToX\libWkHtmlToX.shproj", "{41F79224-8309-4E44-8CD2-80F2E6FF5834}"
EndProject
Project("{FAE04EC0-301F-11D3-BF4B-00C04F79EFBC}") = "TestWkHtmlToX", "TestWkHtmlToX\TestWkHtmlToX.csproj", "{E7E06AD4-7BE6-4B04-B969-DDCA5AAC37BB}"
EndProject
Project("{FAE04EC0-301F-11D3-BF4B-00C04F79EFBC}") = "libWkHtml2X_Net20", "libWkHtml2X_Net20\libWkHtml2X_Net20.csproj", "{F49DB170-8F4C-4AEF-972F-B74945A88811}"
EndProject
Global
	GlobalSection(SolutionConfigurationPlatforms) = preSolution
		Debug|Any CPU = Debug|Any CPU
		Release|Any CPU = Release|Any CPU
	EndGlobalSection
	GlobalSection(ProjectConfigurationPlatforms) = postSolution
		{AE5AF3C5-6D5E-49B6-A23D-B858B8F044F9}.Debug|Any CPU.ActiveCfg = Debug|Any CPU
		{AE5AF3C5-6D5E-49B6-A23D-B858B8F044F9}.Debug|Any CPU.Build.0 = Debug|Any CPU
		{AE5AF3C5-6D5E-49B6-A23D-B858B8F044F9}.Release|Any CPU.ActiveCfg = Release|Any CPU
		{AE5AF3C5-6D5E-49B6-A23D-B858B8F044F9}.Release|Any CPU.Build.0 = Release|Any CPU
		{6E8EC87B-EDDD-4C1B-ABEC-CB84E9CA0E23}.Debug|Any CPU.ActiveCfg = Debug|Any CPU
		{6E8EC87B-EDDD-4C1B-ABEC-CB84E9CA0E23}.Debug|Any CPU.Build.0 = Debug|Any CPU
		{6E8EC87B-EDDD-4C1B-ABEC-CB84E9CA0E23}.Release|Any CPU.ActiveCfg = Release|Any CPU
		{6E8EC87B-EDDD-4C1B-ABEC-CB84E9CA0E23}.Release|Any CPU.Build.0 = Release|Any CPU
		{E7E06AD4-7BE6-4B04-B969-DDCA5AAC37BB}.Debug|Any CPU.ActiveCfg = Debug|Any CPU
		{E7E06AD4-7BE6-4B04-B969-DDCA5AAC37BB}.Debug|Any CPU.Build.0 = Debug|Any CPU
		{E7E06AD4-7BE6-4B04-B969-DDCA5AAC37BB}.Release|Any CPU.ActiveCfg = Release|Any CPU
		{E7E06AD4-7BE6-4B04-B969-DDCA5AAC37BB}.Release|Any CPU.Build.0 = Release|Any CPU
		{F49DB170-8F4C-4AEF-972F-B74945A88811}.Debug|Any CPU.ActiveCfg = Debug|Any CPU
		{F49DB170-8F4C-4AEF-972F-B74945A88811}.Debug|Any CPU.Build.0 = Debug|Any CPU
		{F49DB170-8F4C-4AEF-972F-B74945A88811}.Release|Any CPU.ActiveCfg = Release|Any CPU
		{F49DB170-8F4C-4AEF-972F-B74945A88811}.Release|Any CPU.Build.0 = Release|Any CPU
	EndGlobalSection
	GlobalSection(SolutionProperties) = preSolution
		HideSolutionNode = FALSE
	EndGlobalSection
	GlobalSection(SharedMSBuildProjectFiles) = preSolution
		libWkHtmlToX\libWkHtmlToX.projitems*{41f79224-8309-4e44-8cd2-80f2e6ff5834}*SharedItemsImports = 13
		libWkHtmlToX\libWkHtmlToX.projitems*{e7e06ad4-7be6-4b04-b969-ddca5aac37bb}*SharedItemsImports = 4
	EndGlobalSection
EndGlobal
